
Microsoft Visual Studio Solution File, Format Version 12.00
# Visual Studio Version 17
VisualStudioVersion = 17.0.31903.59
MinimumVisualStudioVersion = 10.0.40219.1
Project("{9A19103F-16F7-4668-BE54-9A1E7A4F7556}") = "Mvc.SourceGen.Web", "Mvc.SourceGen.Web\Mvc.SourceGen.Web.csproj", "{0D58FB80-365F-459A-862C-B773636E4741}"
EndProject
Project("{FAE04EC0-301F-11D3-BF4B-00C04F79EFBC}") = "Mvc.SourceGen.Generator", "Mvc.SourceGen.Generator\Mvc.SourceGen.Generator.csproj", "{5DAFE089-6FB9-4FC3-9C47-EB9A22435A6D}"
EndProject
Global
	GlobalSection(SolutionConfigurationPlatforms) = preSolution
		Debug|Any CPU = Debug|Any CPU
		Release|Any CPU = Release|Any CPU
	EndGlobalSection
	GlobalSection(ProjectConfigurationPlatforms) = postSolution
		{0D58FB80-365F-459A-862C-B773636E4741}.Debug|Any CPU.ActiveCfg = Debug|Any CPU
		{0D58FB80-365F-459A-862C-B773636E4741}.Debug|Any CPU.Build.0 = Debug|Any CPU
		{0D58FB80-365F-459A-862C-B773636E4741}.Release|Any CPU.ActiveCfg = Release|Any CPU
		{0D58FB80-365F-459A-862C-B773636E4741}.Release|Any CPU.Build.0 = Release|Any CPU
		{5DAFE089-6FB9-4FC3-9C47-EB9A22435A6D}.Debug|Any CPU.ActiveCfg = Debug|Any CPU
		{5DAFE089-6FB9-4FC3-9C47-EB9A22435A6D}.Debug|Any CPU.Build.0 = Debug|Any CPU
		{5DAFE089-6FB9-4FC3-9C47-EB9A22435A6D}.Release|Any CPU.ActiveCfg = Release|Any CPU
		{5DAFE089-6FB9-4FC3-9C47-EB9A22435A6D}.Release|Any CPU.Build.0 = Release|Any CPU
	EndGlobalSection
	GlobalSection(SolutionProperties) = preSolution
		HideSolutionNode = FALSE
	EndGlobalSection
	GlobalSection(ExtensibilityGlobals) = postSolution
		SolutionGuid = {44FCF680-9630-4F46-881D-3D3CF55C4DC2}
	EndGlobalSection
EndGlobal
