
Microsoft Visual Studio Solution File, Format Version 12.00
# Visual Studio Version 17
VisualStudioVersion = 17.0.31903.59
MinimumVisualStudioVersion = 10.0.40219.1
Project("{FAE04EC0-301F-11D3-BF4B-00C04F79EFBC}") = "Mvc.SourceGen.Web", "Mvc.SourceGen.Web\Mvc.SourceGen.Web.csproj", "{0D58FB80-365F-459A-862C-B773636E4741}"
EndProject
Project("{FAE04EC0-301F-11D3-BF4B-00C04F79EFBC}") = "MVc.SourceGen", "MVc.SourceGen\MVc.SourceGen.csproj", "{DDB9A65B-E4AD-4B01-944F-70EBEA58D096}"
EndProject
Global
	GlobalSection(SolutionConfigurationPlatforms) = preSolution
		Debug|Any CPU = Debug|Any CPU
		Release|Any CPU = Release|Any CPU
	EndGlobalSection
	GlobalSection(SolutionProperties) = preSolution
		HideSolutionNode = FALSE
	EndGlobalSection
	GlobalSection(ProjectConfigurationPlatforms) = postSolution
		{0D58FB80-365F-459A-862C-B773636E4741}.Debug|Any CPU.ActiveCfg = Debug|Any CPU
		{0D58FB80-365F-459A-862C-B773636E4741}.Debug|Any CPU.Build.0 = Debug|Any CPU
		{0D58FB80-365F-459A-862C-B773636E4741}.Release|Any CPU.ActiveCfg = Release|Any CPU
		{0D58FB80-365F-459A-862C-B773636E4741}.Release|Any CPU.Build.0 = Release|Any CPU
		{DDB9A65B-E4AD-4B01-944F-70EBEA58D096}.Debug|Any CPU.ActiveCfg = Debug|Any CPU
		{DDB9A65B-E4AD-4B01-944F-70EBEA58D096}.Debug|Any CPU.Build.0 = Debug|Any CPU
		{DDB9A65B-E4AD-4B01-944F-70EBEA58D096}.Release|Any CPU.ActiveCfg = Release|Any CPU
		{DDB9A65B-E4AD-4B01-944F-70EBEA58D096}.Release|Any CPU.Build.0 = Release|Any CPU
	EndGlobalSection
EndGlobal
